# This file is automatically @generated by Poetry 1.6.1 and should not be changed by hand.

[[package]]
name = "banal"
version = "1.0.6"
description = "Commons of banal micro-functions for Python."
optional = false
python-versions = "*"
files = [
    {file = "banal-1.0.6-py2.py3-none-any.whl", hash = "sha256:877aacb16b17f8fa4fd29a7c44515c5a23dc1a7b26078bc41dd34829117d85e1"},
    {file = "banal-1.0.6.tar.gz", hash = "sha256:2fe02c9305f53168441948f4a03dfbfa2eacc73db30db4a93309083cb0e250a5"},
]

[package.extras]
dev = ["mypy", "wheel"]

[[package]]
name = "chardet"
version = "5.2.0"
description = "Universal encoding detector for Python 3"
optional = false
python-versions = ">=3.7"
files = [
    {file = "chardet-5.2.0-py3-none-any.whl", hash = "sha256:e1cf59446890a00105fe7b7912492ea04b6e6f06d4b742b2c788469e34c82970"},
    {file = "chardet-5.2.0.tar.gz", hash = "sha256:1b3b6ff479a8c414bc3fa2c0852995695c4a026dcd6d0633b2dd092ca39c1cf7"},
]

[[package]]
name = "charset-normalizer"
version = "2.0.12"
description = "The Real First Universal Charset Detector. Open, modern and actively maintained alternative to Chardet."
optional = false
python-versions = ">=3.5.0"
files = [
    {file = "charset-normalizer-2.0.12.tar.gz", hash = "sha256:2857e29ff0d34db842cd7ca3230549d1a697f96ee6d3fb071cfa6c7393832597"},
    {file = "charset_normalizer-2.0.12-py3-none-any.whl", hash = "sha256:6881edbebdb17b39b4eaaa821b438bf6eddffb4468cf344f09f89def34a8b1df"},
]

[package.extras]
unicode-backport = ["unicodedata2"]

[[package]]
name = "click"
version = "8.1.3"
description = "Composable command line interface toolkit"
optional = false
python-versions = ">=3.7"
files = [
    {file = "click-8.1.3-py3-none-any.whl", hash = "sha256:bb4d8133cb15a609f44e8213d9b391b0809795062913b383c62be0ee95b1db48"},
    {file = "click-8.1.3.tar.gz", hash = "sha256:7682dc8afb30297001674575ea00d1814d808d6a36af415a82bd481d37ba7b8e"},
]

[package.dependencies]
colorama = {version = "*", markers = "platform_system == \"Windows\""}
importlib-metadata = {version = "*", markers = "python_version < \"3.8\""}

[[package]]
name = "colorama"
version = "0.4.4"
description = "Cross-platform colored terminal text."
optional = false
python-versions = ">=2.7, !=3.0.*, !=3.1.*, !=3.2.*, !=3.3.*, !=3.4.*"
files = [
    {file = "colorama-0.4.4-py2.py3-none-any.whl", hash = "sha256:9f47eda37229f68eee03b24b9748937c7dc3868f906e8ba69fbcbdd3bc5dc3e2"},
    {file = "colorama-0.4.4.tar.gz", hash = "sha256:5941b2b48a20143d2267e95b1c2a7603ce057ee39fd88e7329b0c292aa16869b"},
]

[[package]]
name = "cython"
version = "3.0.5"
description = "The Cython compiler for writing C extensions in the Python language."
optional = false
python-versions = ">=2.7, !=3.0.*, !=3.1.*, !=3.2.*, !=3.3.*"
files = [
    {file = "Cython-3.0.5-cp310-cp310-macosx_10_9_x86_64.whl", hash = "sha256:4faf17ea6e8fc3065a862d4b24be84048fd58ed7abe59aa2f9141446a7a72335"},
    {file = "Cython-3.0.5-cp310-cp310-manylinux_2_17_aarch64.manylinux2014_aarch64.whl", hash = "sha256:a1cab30c11880f38a27911b569ea38b0bd67fcf32f8a8a8519b613c70562dae2"},
    {file = "Cython-3.0.5-cp310-cp310-manylinux_2_17_x86_64.manylinux2014_x86_64.whl", hash = "sha256:2c4d4d92182002b2878adb3329de1ccb7f3f7571d3586f92602e790bfeab45d0"},
    {file = "Cython-3.0.5-cp310-cp310-manylinux_2_5_i686.manylinux1_i686.manylinux_2_17_i686.manylinux2014_i686.whl", hash = "sha256:b94f58e05e69e1a43da551c8f532e9fad057df1641f0f8ae8f103d4ede5a80fe"},
    {file = "Cython-3.0.5-cp310-cp310-musllinux_1_1_aarch64.whl", hash = "sha256:a90f9c7b6635967eacafebe439d518b7dc720aaaf19cb9553f5aad03c13296f4"},
    {file = "Cython-3.0.5-cp310-cp310-musllinux_1_1_x86_64.whl", hash = "sha256:c95bd21d87b08c88fe5296381a5f39cd979a775bf1a1d7379a6ff87c703e510b"},
    {file = "Cython-3.0.5-cp310-cp310-win32.whl", hash = "sha256:ebc901131057c115a8868e14c1df6e56b9190df774b72664c03ebd858296bb81"},
    {file = "Cython-3.0.5-cp310-cp310-win_amd64.whl", hash = "sha256:0759868b4a4d103578375e031e89abd578c26774d957ee4f591764ef8003b363"},
    {file = "Cython-3.0.5-cp311-cp311-macosx_10_9_x86_64.whl", hash = "sha256:3679a6693456f5f7ccca9ab2a91408e99ee257e145024fe380da7c78a07e98b6"},
    {file = "Cython-3.0.5-cp311-cp311-manylinux_2_17_aarch64.manylinux2014_aarch64.whl", hash = "sha256:2ad4eb2608661d63fb57c674dafb9955f5141d748d4579c7722c1a3c6b86a0c2"},
    {file = "Cython-3.0.5-cp311-cp311-manylinux_2_17_x86_64.manylinux2014_x86_64.whl", hash = "sha256:b37f4b0d983316242b4b9241ecbbe55220aa92af93ff04626441fe0ea90a54f9"},
    {file = "Cython-3.0.5-cp311-cp311-manylinux_2_5_i686.manylinux1_i686.manylinux_2_17_i686.manylinux2014_i686.whl", hash = "sha256:34059c3ea6e342ba388cd9774a61761bb4200ca18bd475de65c9cc70ef4e0204"},
    {file = "Cython-3.0.5-cp311-cp311-musllinux_1_1_aarch64.whl", hash = "sha256:4db9eea298e982aee7ba12b3432c66eb2e91bb2f5d026bbd57c35698ea0f557f"},
    {file = "Cython-3.0.5-cp311-cp311-musllinux_1_1_x86_64.whl", hash = "sha256:452679284c15a7d5a88bff675e1dd660349360f0665aea50be2d98b7650925f8"},
    {file = "Cython-3.0.5-cp311-cp311-win32.whl", hash = "sha256:2d6bb318ddce8b978c81cf78caf8b3836db84f6235d721952685e87871f506e4"},
    {file = "Cython-3.0.5-cp311-cp311-win_amd64.whl", hash = "sha256:fcfd2255458a5779dbab813550695331d541b24f0ef831ace83f04f9516ddf26"},
    {file = "Cython-3.0.5-cp312-cp312-macosx_10_9_x86_64.whl", hash = "sha256:0d9fcfc09d67218fce114fe9fd97bba4f9d56add0f775c588d8c626ed47f1aef"},
    {file = "Cython-3.0.5-cp312-cp312-manylinux_2_17_aarch64.manylinux2014_aarch64.whl", hash = "sha256:6ac1cf1f2ed01656b33618352f7e42bf75d027425b83cc96cfe13ce4b6cba5de"},
    {file = "Cython-3.0.5-cp312-cp312-manylinux_2_17_x86_64.manylinux2014_x86_64.whl", hash = "sha256:d9d17a6ceb301c5dbd3820e62c1b10a4ad3a6eea3e07e7afaf736b5f490c2e32"},
    {file = "Cython-3.0.5-cp312-cp312-manylinux_2_5_i686.manylinux1_i686.manylinux_2_17_i686.manylinux2014_i686.whl", hash = "sha256:dd9cab3b862bec2b110886aedb11765e9deda363c4c7ab5ea205f3d8f143c411"},
    {file = "Cython-3.0.5-cp312-cp312-musllinux_1_1_aarch64.whl", hash = "sha256:45277bb54c35b11bcdd6cf0f56eb950eb280b67146db0cb57853fb6334c6d11d"},
    {file = "Cython-3.0.5-cp312-cp312-musllinux_1_1_x86_64.whl", hash = "sha256:77f4d001fb7a03a68b53be20571acd17452d1dda7907d9c325dff0cc704b1ef9"},
    {file = "Cython-3.0.5-cp312-cp312-win32.whl", hash = "sha256:57b44f789794d74c1feddae054dd045b9f601bdffd7288e069b4ca7ed607ec61"},
    {file = "Cython-3.0.5-cp312-cp312-win_amd64.whl", hash = "sha256:05c4efd36879ff8020af00407e4c14246b894558ea41dc6486f60dd71601fc67"},
    {file = "Cython-3.0.5-cp36-cp36m-macosx_10_9_x86_64.whl", hash = "sha256:048fe89c2c753c24e1a7a05496907173dab17e238c8dc3c7cad90b3679b0d846"},
    {file = "Cython-3.0.5-cp36-cp36m-manylinux_2_17_aarch64.manylinux2014_aarch64.whl", hash = "sha256:9c016b3e859b41cf4ce1b8107f364ad5a83c086f75ea4d8d3990b24691f626a1"},
    {file = "Cython-3.0.5-cp36-cp36m-manylinux_2_17_x86_64.manylinux2014_x86_64.whl", hash = "sha256:0f31d02b831d0fa9bf099b1b714b5a8252eabd8db34b7d33c48e7e808a2dabf9"},
    {file = "Cython-3.0.5-cp36-cp36m-manylinux_2_5_i686.manylinux1_i686.manylinux_2_17_i686.manylinux2014_i686.whl", hash = "sha256:485f8a3087392e2287e2869adc0385b439f69b9cfbd262fdf39b00417690c988"},
    {file = "Cython-3.0.5-cp36-cp36m-musllinux_1_1_aarch64.whl", hash = "sha256:063220a6dc0909b576ef068c7e2acf5c608d64423a6d231aacb72d06352cd95b"},
    {file = "Cython-3.0.5-cp36-cp36m-musllinux_1_1_x86_64.whl", hash = "sha256:abb2362783521bd9a22fe69b2141abab4db97237665a36a034b161ddee5b3e72"},
    {file = "Cython-3.0.5-cp36-cp36m-win32.whl", hash = "sha256:a993002fe28c840dc29805fde7341c775b7878b311b85f21560fdebf220c247b"},
    {file = "Cython-3.0.5-cp36-cp36m-win_amd64.whl", hash = "sha256:13491f1bfcf020fd02751c4a55294aa8957e21b7ecd2542b0521a7aa50c58bb2"},
    {file = "Cython-3.0.5-cp37-cp37m-macosx_10_9_x86_64.whl", hash = "sha256:45aaceb082ad89365f2f783a40db42359591ad55914fb298841196edf88afdc5"},
    {file = "Cython-3.0.5-cp37-cp37m-manylinux_2_17_aarch64.manylinux2014_aarch64.whl", hash = "sha256:e3e011fa2ae9e953fe1ab8394329a21bdb54357c7fe509bcfb02b88bc15bffbb"},
    {file = "Cython-3.0.5-cp37-cp37m-manylinux_2_17_x86_64.manylinux2014_x86_64.whl", hash = "sha256:f18c13d5ed6fde5efd3b1c039f6a34296d1a0409bb00fbf45bec6f9bcf63ddf5"},
    {file = "Cython-3.0.5-cp37-cp37m-manylinux_2_5_i686.manylinux1_i686.manylinux_2_17_i686.manylinux2014_i686.whl", hash = "sha256:039877e57dc10abf0d30d2de2c7476f0881d8ecef1f29bdeed1a6a06a8d89141"},
    {file = "Cython-3.0.5-cp37-cp37m-musllinux_1_1_aarch64.whl", hash = "sha256:4fbc8f62b8d50f9a2eef99927a9dcb8d0a42e5a801ab14c2e4aeab622c88f54b"},
    {file = "Cython-3.0.5-cp37-cp37m-musllinux_1_1_x86_64.whl", hash = "sha256:3cffbba1888f795de2103e6fb1482c8ea8d457e638fa813e090fe747f9e549bb"},
    {file = "Cython-3.0.5-cp37-cp37m-win32.whl", hash = "sha256:c18e125537a96e76c8c34201e5a9aad8625e3d872dd26a63155573462e54e185"},
    {file = "Cython-3.0.5-cp37-cp37m-win_amd64.whl", hash = "sha256:93502f45948ae8d7f874ba4c113b50cb6fb4ee664caa82e1ddc398500ee0ffb3"},
    {file = "Cython-3.0.5-cp38-cp38-macosx_10_9_x86_64.whl", hash = "sha256:0a9206b0720f0cad3e70c018722f6d10e81b32e65477e14ffedd3fbfadfaddca"},
    {file = "Cython-3.0.5-cp38-cp38-manylinux_2_17_aarch64.manylinux2014_aarch64.whl", hash = "sha256:530a474a79fa6c2127bb7e3ba00857b1f26a563615863f17b7434331aa3fe404"},
    {file = "Cython-3.0.5-cp38-cp38-manylinux_2_17_x86_64.manylinux2014_x86_64.whl", hash = "sha256:115e76fbe9288119526b66963f614042222d1587f1ba5ddb90088215a3d2a25a"},
    {file = "Cython-3.0.5-cp38-cp38-manylinux_2_5_i686.manylinux1_i686.manylinux_2_17_i686.manylinux2014_i686.whl", hash = "sha256:035cb6930a8534f865a3f4616543f78bd27e4de9c3e117b2826e395085ffc4c0"},
    {file = "Cython-3.0.5-cp38-cp38-musllinux_1_1_aarch64.whl", hash = "sha256:077d9a61e6042174dabf68b8e92c0a80f5aff529439ed314aa6e6a233af80b95"},
    {file = "Cython-3.0.5-cp38-cp38-musllinux_1_1_x86_64.whl", hash = "sha256:ba3f7b433c1721a43674c0889d5fad746bf608416c8f849343859e6d4d3a7113"},
    {file = "Cython-3.0.5-cp38-cp38-win32.whl", hash = "sha256:a95ed0e6f481462a3ff2be4c2e4ffffc5d00fc3884d4ccd1fe5b702d4938ec09"},
    {file = "Cython-3.0.5-cp38-cp38-win_amd64.whl", hash = "sha256:f687539ead9fbc17f499e33ee20c1dc41598f70ad95edb4990c576447cec9d23"},
    {file = "Cython-3.0.5-cp39-cp39-macosx_10_9_x86_64.whl", hash = "sha256:f6fcfef825edb44cf3c6ba2c091ad76a83da62ac9c79553e80e0c2a1f75eda2e"},
    {file = "Cython-3.0.5-cp39-cp39-manylinux_2_17_aarch64.manylinux2014_aarch64.whl", hash = "sha256:d0d9431101f600d5a557d55989658cbfd02b7c0dcd1e4675dac8ad7e0da8ea5b"},
    {file = "Cython-3.0.5-cp39-cp39-manylinux_2_17_x86_64.manylinux2014_x86_64.whl", hash = "sha256:db21997270e943aee9cb7694112d24a4702fbe1977fbe53b3cb4db3d02be73d9"},
    {file = "Cython-3.0.5-cp39-cp39-manylinux_2_5_i686.manylinux1_i686.manylinux_2_17_i686.manylinux2014_i686.whl", hash = "sha256:808f56d4cd0511723b787c341f3cc995fd72893e608102268298c188f4a4f2e7"},
    {file = "Cython-3.0.5-cp39-cp39-musllinux_1_1_aarch64.whl", hash = "sha256:dee39967168d6326ea2df56ad215a4d5049aa52f44cd5aad45bfb63d5b4fb9e5"},
    {file = "Cython-3.0.5-cp39-cp39-musllinux_1_1_x86_64.whl", hash = "sha256:b77f2b45535bcf3741592fa03183558bd42198b872c1584b896fa0ba5f2ac68d"},
    {file = "Cython-3.0.5-cp39-cp39-win32.whl", hash = "sha256:5742ef31e1e2c9a4824ef6b05af0f4949047a6f73af1d4b238ce12935174aede"},
    {file = "Cython-3.0.5-cp39-cp39-win_amd64.whl", hash = "sha256:ada4852db0e33dbdd1425322db081d22b9725cb9f5eba42885467b4e2c4f2ac0"},
    {file = "Cython-3.0.5-py2.py3-none-any.whl", hash = "sha256:75206369504fc442c10a86ecf57b91592dca744e4592af22a47e9a774d53dd10"},
    {file = "Cython-3.0.5.tar.gz", hash = "sha256:39318348db488a2f24e7c84e08bdc82f2624853c0fea8b475ea0b70b27176492"},
]

[[package]]
name = "exceptiongroup"
version = "1.0.0rc9"
description = "Backport of PEP 654 (exception groups)"
optional = false
python-versions = ">=3.7"
files = [
    {file = "exceptiongroup-1.0.0rc9-py3-none-any.whl", hash = "sha256:2e3c3fc1538a094aab74fad52d6c33fc94de3dfee3ee01f187c0e0c72aec5337"},
    {file = "exceptiongroup-1.0.0rc9.tar.gz", hash = "sha256:9086a4a21ef9b31c72181c77c040a074ba0889ee56a7b289ff0afb0d97655f96"},
]

[package.extras]
test = ["pytest (>=6)"]

[[package]]
name = "flask"
version = "2.2.5"
description = "A simple framework for building complex web applications."
optional = false
python-versions = ">=3.7"
files = [
    {file = "Flask-2.2.5-py3-none-any.whl", hash = "sha256:58107ed83443e86067e41eff4631b058178191a355886f8e479e347fa1285fdf"},
    {file = "Flask-2.2.5.tar.gz", hash = "sha256:edee9b0a7ff26621bd5a8c10ff484ae28737a2410d99b0bb9a6850c7fb977aa0"},
]

[package.dependencies]
click = ">=8.0"
importlib-metadata = {version = ">=3.6.0", markers = "python_version < \"3.10\""}
itsdangerous = ">=2.0"
Jinja2 = ">=3.0"
Werkzeug = ">=2.2.2"

[package.extras]
async = ["asgiref (>=3.2)"]
dotenv = ["python-dotenv"]

[[package]]
name = "flask-cors"
version = "4.0.0"
description = "A Flask extension adding a decorator for CORS support"
optional = false
python-versions = "*"
files = [
    {file = "Flask-Cors-4.0.0.tar.gz", hash = "sha256:f268522fcb2f73e2ecdde1ef45e2fd5c71cc48fe03cffb4b441c6d1b40684eb0"},
    {file = "Flask_Cors-4.0.0-py2.py3-none-any.whl", hash = "sha256:bc3492bfd6368d27cfe79c7821df5a8a319e1a6d5eab277a3794be19bdc51783"},
]

[package.dependencies]
Flask = ">=0.9"

[[package]]
name = "importlib-metadata"
version = "6.7.0"
description = "Read metadata from Python packages"
optional = false
python-versions = ">=3.7"
files = [
    {file = "importlib_metadata-6.7.0-py3-none-any.whl", hash = "sha256:cb52082e659e97afc5dac71e79de97d8681de3aa07ff18578330904a9d18e5b5"},
    {file = "importlib_metadata-6.7.0.tar.gz", hash = "sha256:1aaf550d4f73e5d6783e7acb77aec43d49da8017410afae93822cc9cca98c4d4"},
]

[package.dependencies]
typing-extensions = {version = ">=3.6.4", markers = "python_version < \"3.8\""}
zipp = ">=0.5"

[package.extras]
docs = ["furo", "jaraco.packaging (>=9)", "jaraco.tidelift (>=1.4)", "rst.linker (>=1.9)", "sphinx (>=3.5)", "sphinx-lint"]
perf = ["ipython"]
testing = ["flufl.flake8", "importlib-resources (>=1.3)", "packaging", "pyfakefs", "pytest (>=6)", "pytest-black (>=0.3.7)", "pytest-checkdocs (>=2.4)", "pytest-cov", "pytest-enabler (>=1.3)", "pytest-mypy (>=0.9.1)", "pytest-perf (>=0.9.2)", "pytest-ruff"]

[[package]]
name = "iniconfig"
version = "1.1.1"
description = "iniconfig: brain-dead simple config-ini parsing"
optional = false
python-versions = "*"
files = [
    {file = "iniconfig-1.1.1-py2.py3-none-any.whl", hash = "sha256:011e24c64b7f47f6ebd835bb12a743f2fbe9a26d4cecaa7f53bc4f35ee9da8b3"},
    {file = "iniconfig-1.1.1.tar.gz", hash = "sha256:bc3af051d7d14b2ee5ef9969666def0cd1a000e121eaea580d4a313df4b37f32"},
]

[[package]]
name = "itsdangerous"
version = "2.1.2"
description = "Safely pass data to untrusted environments and back."
optional = false
python-versions = ">=3.7"
files = [
    {file = "itsdangerous-2.1.2-py3-none-any.whl", hash = "sha256:2c2349112351b88699d8d4b6b075022c0808887cb7ad10069318a8b0bc88db44"},
    {file = "itsdangerous-2.1.2.tar.gz", hash = "sha256:5dbbc68b317e5e42f327f9021763545dc3fc3bfe22e6deb96aaf1fc38874156a"},
]

[[package]]
name = "jinja2"
version = "3.1.2"
description = "A very fast and expressive template engine."
optional = false
python-versions = ">=3.7"
files = [
    {file = "Jinja2-3.1.2-py3-none-any.whl", hash = "sha256:6088930bfe239f0e6710546ab9c19c9ef35e29792895fed6e6e31a023a182a61"},
    {file = "Jinja2-3.1.2.tar.gz", hash = "sha256:31351a702a408a9e7595a8fc6150fc3f43bb6bf7e319770cbc0db9df9437e852"},
]

[package.dependencies]
MarkupSafe = ">=2.0"

[package.extras]
i18n = ["Babel (>=2.7)"]

[[package]]
name = "markupsafe"
version = "2.1.1"
description = "Safely add untrusted strings to HTML/XML markup."
optional = false
python-versions = ">=3.7"
files = [
    {file = "MarkupSafe-2.1.1-cp310-cp310-macosx_10_9_universal2.whl", hash = "sha256:86b1f75c4e7c2ac2ccdaec2b9022845dbb81880ca318bb7a0a01fbf7813e3812"},
    {file = "MarkupSafe-2.1.1-cp310-cp310-macosx_10_9_x86_64.whl", hash = "sha256:f121a1420d4e173a5d96e47e9a0c0dcff965afdf1626d28de1460815f7c4ee7a"},
    {file = "MarkupSafe-2.1.1-cp310-cp310-manylinux_2_17_aarch64.manylinux2014_aarch64.whl", hash = "sha256:a49907dd8420c5685cfa064a1335b6754b74541bbb3706c259c02ed65b644b3e"},
    {file = "MarkupSafe-2.1.1-cp310-cp310-manylinux_2_17_x86_64.manylinux2014_x86_64.whl", hash = "sha256:10c1bfff05d95783da83491be968e8fe789263689c02724e0c691933c52994f5"},
    {file = "MarkupSafe-2.1.1-cp310-cp310-manylinux_2_5_i686.manylinux1_i686.manylinux_2_17_i686.manylinux2014_i686.whl", hash = "sha256:b7bd98b796e2b6553da7225aeb61f447f80a1ca64f41d83612e6139ca5213aa4"},
    {file = "MarkupSafe-2.1.1-cp310-cp310-musllinux_1_1_aarch64.whl", hash = "sha256:b09bf97215625a311f669476f44b8b318b075847b49316d3e28c08e41a7a573f"},
    {file = "MarkupSafe-2.1.1-cp310-cp310-musllinux_1_1_i686.whl", hash = "sha256:694deca8d702d5db21ec83983ce0bb4b26a578e71fbdbd4fdcd387daa90e4d5e"},
    {file = "MarkupSafe-2.1.1-cp310-cp310-musllinux_1_1_x86_64.whl", hash = "sha256:efc1913fd2ca4f334418481c7e595c00aad186563bbc1ec76067848c7ca0a933"},
    {file = "MarkupSafe-2.1.1-cp310-cp310-win32.whl", hash = "sha256:4a33dea2b688b3190ee12bd7cfa29d39c9ed176bda40bfa11099a3ce5d3a7ac6"},
    {file = "MarkupSafe-2.1.1-cp310-cp310-win_amd64.whl", hash = "sha256:dda30ba7e87fbbb7eab1ec9f58678558fd9a6b8b853530e176eabd064da81417"},
    {file = "MarkupSafe-2.1.1-cp37-cp37m-macosx_10_9_x86_64.whl", hash = "sha256:671cd1187ed5e62818414afe79ed29da836dde67166a9fac6d435873c44fdd02"},
    {file = "MarkupSafe-2.1.1-cp37-cp37m-manylinux_2_17_aarch64.manylinux2014_aarch64.whl", hash = "sha256:3799351e2336dc91ea70b034983ee71cf2f9533cdff7c14c90ea126bfd95d65a"},
    {file = "MarkupSafe-2.1.1-cp37-cp37m-manylinux_2_17_x86_64.manylinux2014_x86_64.whl", hash = "sha256:e72591e9ecd94d7feb70c1cbd7be7b3ebea3f548870aa91e2732960fa4d57a37"},
    {file = "MarkupSafe-2.1.1-cp37-cp37m-manylinux_2_5_i686.manylinux1_i686.manylinux_2_17_i686.manylinux2014_i686.whl", hash = "sha256:6fbf47b5d3728c6aea2abb0589b5d30459e369baa772e0f37a0320185e87c980"},
    {file = "MarkupSafe-2.1.1-cp37-cp37m-musllinux_1_1_aarch64.whl", hash = "sha256:d5ee4f386140395a2c818d149221149c54849dfcfcb9f1debfe07a8b8bd63f9a"},
    {file = "MarkupSafe-2.1.1-cp37-cp37m-musllinux_1_1_i686.whl", hash = "sha256:bcb3ed405ed3222f9904899563d6fc492ff75cce56cba05e32eff40e6acbeaa3"},
    {file = "MarkupSafe-2.1.1-cp37-cp37m-musllinux_1_1_x86_64.whl", hash = "sha256:e1c0b87e09fa55a220f058d1d49d3fb8df88fbfab58558f1198e08c1e1de842a"},
    {file = "MarkupSafe-2.1.1-cp37-cp37m-win32.whl", hash = "sha256:8dc1c72a69aa7e082593c4a203dcf94ddb74bb5c8a731e4e1eb68d031e8498ff"},
    {file = "MarkupSafe-2.1.1-cp37-cp37m-win_amd64.whl", hash = "sha256:97a68e6ada378df82bc9f16b800ab77cbf4b2fada0081794318520138c088e4a"},
    {file = "MarkupSafe-2.1.1-cp38-cp38-macosx_10_9_universal2.whl", hash = "sha256:e8c843bbcda3a2f1e3c2ab25913c80a3c5376cd00c6e8c4a86a89a28c8dc5452"},
    {file = "MarkupSafe-2.1.1-cp38-cp38-macosx_10_9_x86_64.whl", hash = "sha256:0212a68688482dc52b2d45013df70d169f542b7394fc744c02a57374a4207003"},
    {file = "MarkupSafe-2.1.1-cp38-cp38-manylinux_2_17_aarch64.manylinux2014_aarch64.whl", hash = "sha256:8e576a51ad59e4bfaac456023a78f6b5e6e7651dcd383bcc3e18d06f9b55d6d1"},
    {file = "MarkupSafe-2.1.1-cp38-cp38-manylinux_2_17_x86_64.manylinux2014_x86_64.whl", hash = "sha256:4b9fe39a2ccc108a4accc2676e77da025ce383c108593d65cc909add5c3bd601"},
    {file = "MarkupSafe-2.1.1-cp38-cp38-manylinux_2_5_i686.manylinux1_i686.manylinux_2_17_i686.manylinux2014_i686.whl", hash = "sha256:96e37a3dc86e80bf81758c152fe66dbf60ed5eca3d26305edf01892257049925"},
    {file = "MarkupSafe-2.1.1-cp38-cp38-musllinux_1_1_aarch64.whl", hash = "sha256:6d0072fea50feec76a4c418096652f2c3238eaa014b2f94aeb1d56a66b41403f"},
    {file = "MarkupSafe-2.1.1-cp38-cp38-musllinux_1_1_i686.whl", hash = "sha256:089cf3dbf0cd6c100f02945abeb18484bd1ee57a079aefd52cffd17fba910b88"},
    {file = "MarkupSafe-2.1.1-cp38-cp38-musllinux_1_1_x86_64.whl", hash = "sha256:6a074d34ee7a5ce3effbc526b7083ec9731bb3cbf921bbe1d3005d4d2bdb3a63"},
    {file = "MarkupSafe-2.1.1-cp38-cp38-win32.whl", hash = "sha256:421be9fbf0ffe9ffd7a378aafebbf6f4602d564d34be190fc19a193232fd12b1"},
    {file = "MarkupSafe-2.1.1-cp38-cp38-win_amd64.whl", hash = "sha256:fc7b548b17d238737688817ab67deebb30e8073c95749d55538ed473130ec0c7"},
    {file = "MarkupSafe-2.1.1-cp39-cp39-macosx_10_9_universal2.whl", hash = "sha256:e04e26803c9c3851c931eac40c695602c6295b8d432cbe78609649ad9bd2da8a"},
    {file = "MarkupSafe-2.1.1-cp39-cp39-macosx_10_9_x86_64.whl", hash = "sha256:b87db4360013327109564f0e591bd2a3b318547bcef31b468a92ee504d07ae4f"},
    {file = "MarkupSafe-2.1.1-cp39-cp39-manylinux_2_17_aarch64.manylinux2014_aarch64.whl", hash = "sha256:99a2a507ed3ac881b975a2976d59f38c19386d128e7a9a18b7df6fff1fd4c1d6"},
    {file = "MarkupSafe-2.1.1-cp39-cp39-manylinux_2_17_x86_64.manylinux2014_x86_64.whl", hash = "sha256:56442863ed2b06d19c37f94d999035e15ee982988920e12a5b4ba29b62ad1f77"},
    {file = "MarkupSafe-2.1.1-cp39-cp39-manylinux_2_5_i686.manylinux1_i686.manylinux_2_17_i686.manylinux2014_i686.whl", hash = "sha256:3ce11ee3f23f79dbd06fb3d63e2f6af7b12db1d46932fe7bd8afa259a5996603"},
    {file = "MarkupSafe-2.1.1-cp39-cp39-musllinux_1_1_aarch64.whl", hash = "sha256:33b74d289bd2f5e527beadcaa3f401e0df0a89927c1559c8566c066fa4248ab7"},
    {file = "MarkupSafe-2.1.1-cp39-cp39-musllinux_1_1_i686.whl", hash = "sha256:43093fb83d8343aac0b1baa75516da6092f58f41200907ef92448ecab8825135"},
    {file = "MarkupSafe-2.1.1-cp39-cp39-musllinux_1_1_x86_64.whl", hash = "sha256:8e3dcf21f367459434c18e71b2a9532d96547aef8a871872a5bd69a715c15f96"},
    {file = "MarkupSafe-2.1.1-cp39-cp39-win32.whl", hash = "sha256:d4306c36ca495956b6d568d276ac11fdd9c30a36f1b6eb928070dc5360b22e1c"},
    {file = "MarkupSafe-2.1.1-cp39-cp39-win_amd64.whl", hash = "sha256:46d00d6cfecdde84d40e572d63735ef81423ad31184100411e6e3388d405e247"},
    {file = "MarkupSafe-2.1.1.tar.gz", hash = "sha256:7f91197cc9e48f989d12e4e6fbc46495c446636dfc81b9ccf50bb0ec74b91d4b"},
]

[[package]]
name = "normality"
version = "2.5.0"
description = "Micro-library to normalize text strings"
optional = false
python-versions = "*"
files = [
    {file = "normality-2.5.0-py2.py3-none-any.whl", hash = "sha256:d9f48daf32e351e88b9e372787c1da437df9d0d818aec6e2834b02102378df62"},
    {file = "normality-2.5.0.tar.gz", hash = "sha256:a55133e972b81c4a3bf8b6dc419f262f94a4fd6f636297046f74d35c93abe153"},
]

[package.dependencies]
banal = ">=1.0.1"
chardet = "*"
charset-normalizer = ">=2.0.0"
text-unidecode = "*"

[package.extras]
dev = ["mypy", "pyicu (>=1.9.3)", "pytest", "types-chardet"]
icu = ["pyicu (>=1.9.3)"]

[[package]]
name = "packaging"
version = "21.3"
description = "Core utilities for Python packages"
optional = false
python-versions = ">=3.6"
files = [
    {file = "packaging-21.3-py3-none-any.whl", hash = "sha256:ef103e05f519cdc783ae24ea4e2e0f508a9c99b2d4969652eed6a2e1ea5bd522"},
    {file = "packaging-21.3.tar.gz", hash = "sha256:dd47c42927d89ab911e606518907cc2d3a1f38bbd026385970643f9c5b8ecfeb"},
]

[package.dependencies]
pyparsing = ">=2.0.2,<3.0.5 || >3.0.5"

[[package]]
name = "pluggy"
version = "1.0.0"
description = "plugin and hook calling mechanisms for python"
optional = false
python-versions = ">=3.6"
files = [
    {file = "pluggy-1.0.0-py2.py3-none-any.whl", hash = "sha256:74134bbf457f031a36d68416e1509f34bd5ccc019f0bcc952c7b909d06b37bd3"},
    {file = "pluggy-1.0.0.tar.gz", hash = "sha256:4224373bacce55f955a878bf9cfa763c1e360858e330072059e10bad68531159"},
]

[package.dependencies]
importlib-metadata = {version = ">=0.12", markers = "python_version < \"3.8\""}

[package.extras]
dev = ["pre-commit", "tox"]
testing = ["pytest", "pytest-benchmark"]

[[package]]
name = "pyparsing"
version = "3.0.8"
description = "pyparsing module - Classes and methods to define and execute parsing grammars"
optional = false
python-versions = ">=3.6.8"
files = [
    {file = "pyparsing-3.0.8-py3-none-any.whl", hash = "sha256:ef7b523f6356f763771559412c0d7134753f037822dad1b16945b7b846f7ad06"},
    {file = "pyparsing-3.0.8.tar.gz", hash = "sha256:7bf433498c016c4314268d95df76c81b842a4cb2b276fa3312cfb1e1d85f6954"},
]

[package.extras]
diagrams = ["jinja2", "railroad-diagrams"]

[[package]]
name = "pytest"
version = "7.4.3"
description = "pytest: simple powerful testing with Python"
optional = false
python-versions = ">=3.7"
files = [
    {file = "pytest-7.4.3-py3-none-any.whl", hash = "sha256:0d009c083ea859a71b76adf7c1d502e4bc170b80a8ef002da5806527b9591fac"},
    {file = "pytest-7.4.3.tar.gz", hash = "sha256:d989d136982de4e3b29dabcc838ad581c64e8ed52c11fbe86ddebd9da0818cd5"},
]

[package.dependencies]
colorama = {version = "*", markers = "sys_platform == \"win32\""}
exceptiongroup = {version = ">=1.0.0rc8", markers = "python_version < \"3.11\""}
importlib-metadata = {version = ">=0.12", markers = "python_version < \"3.8\""}
iniconfig = "*"
packaging = "*"
pluggy = ">=0.12,<2.0"
tomli = {version = ">=1.0.0", markers = "python_version < \"3.11\""}

[package.extras]
testing = ["argcomplete", "attrs (>=19.2.0)", "hypothesis (>=3.56)", "mock", "nose", "pygments (>=2.7.2)", "requests", "setuptools", "xmlschema"]

[[package]]
name = "text-unidecode"
version = "1.3"
description = "The most basic Text::Unidecode port"
optional = false
python-versions = "*"
files = [
    {file = "text-unidecode-1.3.tar.gz", hash = "sha256:bad6603bb14d279193107714b288be206cac565dfa49aa5b105294dd5c4aab93"},
    {file = "text_unidecode-1.3-py2.py3-none-any.whl", hash = "sha256:1311f10e8b895935241623731c2ba64f4c455287888b18189350b67134a822e8"},
]

[[package]]
name = "tomli"
version = "2.0.1"
description = "A lil' TOML parser"
optional = false
python-versions = ">=3.7"
files = [
    {file = "tomli-2.0.1-py3-none-any.whl", hash = "sha256:939de3e7a6161af0c887ef91b7d41a53e7c5a1ca976325f429cb46ea9bc30ecc"},
    {file = "tomli-2.0.1.tar.gz", hash = "sha256:de526c12914f0c550d15924c62d72abc48d6fe7364aa87328337a31007fe8a4f"},
]

[[package]]
name = "typing-extensions"
version = "4.2.0"
description = "Backported and Experimental Type Hints for Python 3.7+"
optional = false
python-versions = ">=3.7"
files = [
    {file = "typing_extensions-4.2.0-py3-none-any.whl", hash = "sha256:6657594ee297170d19f67d55c05852a874e7eb634f4f753dbd667855e07c1708"},
    {file = "typing_extensions-4.2.0.tar.gz", hash = "sha256:f1c24655a0da0d1b67f07e17a5e6b2a105894e6824b92096378bb3668ef02376"},
]

[[package]]
name = "werkzeug"
version = "2.2.2"
description = "The comprehensive WSGI web application library."
optional = false
python-versions = ">=3.7"
files = [
    {file = "Werkzeug-2.2.2-py3-none-any.whl", hash = "sha256:f979ab81f58d7318e064e99c4506445d60135ac5cd2e177a2de0089bfd4c9bd5"},
    {file = "Werkzeug-2.2.2.tar.gz", hash = "sha256:7ea2d48322cc7c0f8b3a215ed73eabd7b5d75d0b50e31ab006286ccff9e00b8f"},
]

[package.dependencies]
MarkupSafe = ">=2.1.1"

[package.extras]
watchdog = ["watchdog"]

[[package]]
name = "zipp"
version = "3.8.0"
description = "Backport of pathlib-compatible object wrapper for zip files"
optional = false
python-versions = ">=3.7"
files = [
    {file = "zipp-3.8.0-py3-none-any.whl", hash = "sha256:c4f6e5bbf48e74f7a38e7cc5b0480ff42b0ae5178957d564d18932525d5cf099"},
    {file = "zipp-3.8.0.tar.gz", hash = "sha256:56bf8aadb83c24db6c4b577e13de374ccfb67da2078beba1d037c17980bf43ad"},
]

[package.extras]
docs = ["jaraco.packaging (>=9)", "rst.linker (>=1.9)", "sphinx"]
testing = ["func-timeout", "jaraco.itertools", "pytest (>=6)", "pytest-black (>=0.3.7)", "pytest-checkdocs (>=2.4)", "pytest-cov", "pytest-enabler (>=1.0.1)", "pytest-flake8", "pytest-mypy (>=0.9.1)"]

[metadata]
lock-version = "2.0"
python-versions = "^3.7"
content-hash = "040a105066c1a05d2ab18e4167952565a7115b891fe22a84d9ea88a1beaad7d7"
